
Microsoft Visual Studio Solution File, Format Version 12.00
# Visual Studio Version 17
VisualStudioVersion = 17.13.35828.75
MinimumVisualStudioVersion = 10.0.40219.1
Project("{FAE04EC0-301F-11D3-BF4B-00C04F79EFBC}") = "MQBroker", "MQBroker.csproj", "{7CAE55C6-1E2C-4A1B-B574-2F4DC2258F16}"
EndProject
Project("{FAE04EC0-301F-11D3-BF4B-00C04F79EFBC}") = "MQClient", "..\MQClient\MQClient.csproj", "{30959074-2C4D-42F4-8742-5C303D318BBD}"
EndProject
Project("{FAE04EC0-301F-11D3-BF4B-00C04F79EFBC}") = "Interfaz_gráfica", "..\Interfaz_gráfica\Interfaz_gráfica.csproj", "{3AC17324-3788-4DF4-BC68-860DF51AC7C5}"
EndProject
Global
	GlobalSection(SolutionConfigurationPlatforms) = preSolution
		Debug|Any CPU = Debug|Any CPU
		Release|Any CPU = Release|Any CPU
	EndGlobalSection
	GlobalSection(ProjectConfigurationPlatforms) = postSolution
		{7CAE55C6-1E2C-4A1B-B574-2F4DC2258F16}.Debug|Any CPU.ActiveCfg = Debug|Any CPU
		{7CAE55C6-1E2C-4A1B-B574-2F4DC2258F16}.Debug|Any CPU.Build.0 = Debug|Any CPU
		{7CAE55C6-1E2C-4A1B-B574-2F4DC2258F16}.Release|Any CPU.ActiveCfg = Release|Any CPU
		{7CAE55C6-1E2C-4A1B-B574-2F4DC2258F16}.Release|Any CPU.Build.0 = Release|Any CPU
		{30959074-2C4D-42F4-8742-5C303D318BBD}.Debug|Any CPU.ActiveCfg = Debug|Any CPU
		{30959074-2C4D-42F4-8742-5C303D318BBD}.Debug|Any CPU.Build.0 = Debug|Any CPU
		{30959074-2C4D-42F4-8742-5C303D318BBD}.Release|Any CPU.ActiveCfg = Release|Any CPU
		{30959074-2C4D-42F4-8742-5C303D318BBD}.Release|Any CPU.Build.0 = Release|Any CPU
		{3AC17324-3788-4DF4-BC68-860DF51AC7C5}.Debug|Any CPU.ActiveCfg = Debug|Any CPU
		{3AC17324-3788-4DF4-BC68-860DF51AC7C5}.Debug|Any CPU.Build.0 = Debug|Any CPU
		{3AC17324-3788-4DF4-BC68-860DF51AC7C5}.Release|Any CPU.ActiveCfg = Release|Any CPU
		{3AC17324-3788-4DF4-BC68-860DF51AC7C5}.Release|Any CPU.Build.0 = Release|Any CPU
	EndGlobalSection
	GlobalSection(SolutionProperties) = preSolution
		HideSolutionNode = FALSE
	EndGlobalSection
	GlobalSection(ExtensibilityGlobals) = postSolution
		SolutionGuid = {F7EB59C8-6883-4E52-8BB5-2C117ECB37DD}
	EndGlobalSection
EndGlobal
